
Microsoft Visual Studio Solution File, Format Version 12.00
# Visual Studio Version 17
VisualStudioVersion = 17.14.36401.2 d17.14
MinimumVisualStudioVersion = 10.0.40219.1
Project("{F184B08F-C81C-45F6-A57F-5ABD9991F28F}") = "ProjectNumberv3", "ProjectNumberv3.vbproj", "{D35A36B7-6A2F-4B6F-9040-FCD38205BE70}"
EndProject
Global
	GlobalSection(SolutionConfigurationPlatforms) = preSolution
		Debug|Any CPU = Debug|Any CPU
		Debug|ARM = Debug|ARM
		Debug|ARM64 = Debug|ARM64
		Debug|x64 = Debug|x64
		Debug|x86 = Debug|x86
		Release|Any CPU = Release|Any CPU
		Release|ARM = Release|ARM
		Release|ARM64 = Release|ARM64
		Release|x64 = Release|x64
		Release|x86 = Release|x86
	EndGlobalSection
	GlobalSection(ProjectConfigurationPlatforms) = postSolution
		{D35A36B7-6A2F-4B6F-9040-FCD38205BE70}.Debug|Any CPU.ActiveCfg = Debug|Any CPU
		{D35A36B7-6A2F-4B6F-9040-FCD38205BE70}.Debug|Any CPU.Build.0 = Debug|Any CPU
		{D35A36B7-6A2F-4B6F-9040-FCD38205BE70}.Debug|ARM.ActiveCfg = Debug|Any CPU
		{D35A36B7-6A2F-4B6F-9040-FCD38205BE70}.Debug|ARM.Build.0 = Debug|Any CPU
		{D35A36B7-6A2F-4B6F-9040-FCD38205BE70}.Debug|ARM64.ActiveCfg = Debug|Any CPU
		{D35A36B7-6A2F-4B6F-9040-FCD38205BE70}.Debug|ARM64.Build.0 = Debug|Any CPU
		{D35A36B7-6A2F-4B6F-9040-FCD38205BE70}.Debug|x64.ActiveCfg = Debug|Any CPU
		{D35A36B7-6A2F-4B6F-9040-FCD38205BE70}.Debug|x64.Build.0 = Debug|Any CPU
		{D35A36B7-6A2F-4B6F-9040-FCD38205BE70}.Debug|x86.ActiveCfg = Debug|Any CPU
		{D35A36B7-6A2F-4B6F-9040-FCD38205BE70}.Debug|x86.Build.0 = Debug|Any CPU
		{D35A36B7-6A2F-4B6F-9040-FCD38205BE70}.Release|Any CPU.ActiveCfg = Release|Any CPU
		{D35A36B7-6A2F-4B6F-9040-FCD38205BE70}.Release|Any CPU.Build.0 = Release|Any CPU
		{D35A36B7-6A2F-4B6F-9040-FCD38205BE70}.Release|ARM.ActiveCfg = Release|Any CPU
		{D35A36B7-6A2F-4B6F-9040-FCD38205BE70}.Release|ARM.Build.0 = Release|Any CPU
		{D35A36B7-6A2F-4B6F-9040-FCD38205BE70}.Release|ARM64.ActiveCfg = Release|Any CPU
		{D35A36B7-6A2F-4B6F-9040-FCD38205BE70}.Release|ARM64.Build.0 = Release|Any CPU
		{D35A36B7-6A2F-4B6F-9040-FCD38205BE70}.Release|x64.ActiveCfg = Release|Any CPU
		{D35A36B7-6A2F-4B6F-9040-FCD38205BE70}.Release|x64.Build.0 = Release|Any CPU
		{D35A36B7-6A2F-4B6F-9040-FCD38205BE70}.Release|x86.ActiveCfg = Release|Any CPU
		{D35A36B7-6A2F-4B6F-9040-FCD38205BE70}.Release|x86.Build.0 = Release|Any CPU
	EndGlobalSection
	GlobalSection(SolutionProperties) = preSolution
		HideSolutionNode = FALSE
	EndGlobalSection
	GlobalSection(ExtensibilityGlobals) = postSolution
		SolutionGuid = {817E1FF8-DEFC-49B0-BBB4-B9D4F1C819F2}
	EndGlobalSection
EndGlobal
